{
  "name": "frontend",
  "version": "1.0.0",
  "lockfileVersion": 2,
  "requires": true,
  "packages": {
    "": {
      "dependencies": {
        "react-router-dom": "^6.22.3"
      }
    },
    "node_modules/react-router-dom": {
      "version": "6.22.3",
      "resolved": "https://registry.npmjs.org/react-router-dom/-/react-router-dom-6.22.3.tgz",
      "integrity": "sha512-xNrwSVZejbpekZuuvh74Bv7f9UUpVhP36Sl9TsLbM0vUiaKfBxxaTQp0Cc1niINnA4L+0Wo5WHJGI/m4K++xAg==",
      "peerDependencies": {
        "react": ">=16.8.0",
        "react-dom": ">=16.8.0",
        "react-router": "6.22.3"
      }
    }
  },
  "dependencies": {
    "react-router-dom": {
      "version": "6.22.3",
      "resolved": "https://registry.npmjs.org/react-router-dom/-/react-router-dom-6.22.3.tgz",
      "integrity": "sha512-xNrwSVZejbpekZuuvh74Bv7f9UUpVhP36Sl9TsLbM0vUiaKfBxxaTQp0Cc1niINnA4L+0Wo5WHJGI/m4K++xAg=="
    }
  }
}
